// !$*UTF8*$!
{
	archiveVersion = 1;
	classes = {
	};
	objectVersion = 55;
	objects = {

/* Begin PBXBuildFile section */
		031A7F9B27E4B8D2008A3CD7 /* GLUT.framework in Frameworks */ = {isa = PBXBuildFile; fileRef = 031A7F9A27E4B8D2008A3CD7 /* GLUT.framework */; };
		031A7F9D27E4B938008A3CD7 /* GLKit.framework in Frameworks */ = {isa = PBXBuildFile; fileRef = 031A7F9C27E4B938008A3CD7 /* GLKit.framework */; };
		038D2FD827D9EC31003FDF8F /* main.cpp in Sources */ = {isa = PBXBuildFile; fileRef = 038D2FD727D9EC31003FDF8F /* main.cpp */; };
		038D2FE027D9EDCB003FDF8F /* OpenGL.framework in Frameworks */ = {isa = PBXBuildFile; fileRef = 038D2FDF27D9EDCB003FDF8F /* OpenGL.framework */; };
		038D2FE227D9EE49003FDF8F /* libglfw.3.3.dylib in Frameworks */ = {isa = PBXBuildFile; fileRef = 038D2FE127D9EE49003FDF8F /* libglfw.3.3.dylib */; };
/* End PBXBuildFile section */

/* Begin PBXCopyFilesBuildPhase section */
		038D2FD227D9EC31003FDF8F /* CopyFiles */ = {
			isa = PBXCopyFilesBuildPhase;
			buildActionMask = 2147483647;
			dstPath = /usr/share/man/man1/;
			dstSubfolderSpec = 0;
			files = (
			);
			runOnlyForDeploymentPostprocessing = 1;
		};
/* End PBXCopyFilesBuildPhase section */

/* Begin PBXFileReference section */
		031A7F9A27E4B8D2008A3CD7 /* GLUT.framework */ = {isa = PBXFileReference; lastKnownFileType = wrapper.framework; name = GLUT.framework; path = System/Library/Frameworks/GLUT.framework; sourceTree = SDKROOT; };
		031A7F9C27E4B938008A3CD7 /* GLKit.framework */ = {isa = PBXFileReference; lastKnownFileType = wrapper.framework; name = GLKit.framework; path = System/Library/Frameworks/GLKit.framework; sourceTree = SDKROOT; };
		038D2FD427D9EC31003FDF8F /* HelloOpengl */ = {isa = PBXFileReference; explicitFileType = "compiled.mach-o.executable"; includeInIndex = 0; path = HelloOpengl; sourceTree = BUILT_PRODUCTS_DIR; };
		038D2FD727D9EC31003FDF8F /* main.cpp */ = {isa = PBXFileReference; lastKnownFileType = sourcecode.cpp.cpp; path = main.cpp; sourceTree = "<group>"; };
		038D2FDF27D9EDCB003FDF8F /* OpenGL.framework */ = {isa = PBXFileReference; lastKnownFileType = wrapper.framework; name = OpenGL.framework; path = System/Library/Frameworks/OpenGL.framework; sourceTree = SDKROOT; };
		038D2FE127D9EE49003FDF8F /* libglfw.3.3.dylib */ = {isa = PBXFileReference; lastKnownFileType = "compiled.mach-o.dylib"; name = libglfw.3.3.dylib; path = ../../../../../opt/homebrew/Cellar/glfw/3.3.6/lib/libglfw.3.3.dylib; sourceTree = "<group>"; };
/* End PBXFileReference section */

/* Begin PBXFrameworksBuildPhase section */
		038D2FD127D9EC31003FDF8F /* Frameworks */ = {
			isa = PBXFrameworksBuildPhase;
			buildActionMask = 2147483647;
			files = (
				038D2FE227D9EE49003FDF8F /* libglfw.3.3.dylib in Frameworks */,
				038D2FE027D9EDCB003FDF8F /* OpenGL.framework in Frameworks */,
				031A7F9D27E4B938008A3CD7 /* GLKit.framework in Frameworks */,
				031A7F9B27E4B8D2008A3CD7 /* GLUT.framework in Frameworks */,
			);
			runOnlyForDeploymentPostprocessing = 0;
		};
/* End PBXFrameworksBuildPhase section */

/* Begin PBXGroup section */
		038D2FCB27D9EC31003FDF8F = {
			isa = PBXGroup;
			children = (
				038D2FD627D9EC31003FDF8F /* HelloOpengl */,
				038D2FD527D9EC31003FDF8F /* Products */,
				038D2FDE27D9EDCB003FDF8F /* Frameworks */,
			);
			sourceTree = "<group>";
		};
		038D2FD527D9EC31003FDF8F /* Products */ = {
			isa = PBXGroup;
			children = (
				038D2FD427D9EC31003FDF8F /* HelloOpengl */,
			);
			name = Products;
			sourceTree = "<group>";
		};
		038D2FD627D9EC31003FDF8F /* HelloOpengl */ = {
			isa = PBXGroup;
			children = (
				038D2FD727D9EC31003FDF8F /* main.cpp */,
			);
			path = HelloOpengl;
			sourceTree = "<group>";
		};
		038D2FDE27D9EDCB003FDF8F /* Frameworks */ = {
			isa = PBXGroup;
			children = (
				031A7F9C27E4B938008A3CD7 /* GLKit.framework */,
				031A7F9A27E4B8D2008A3CD7 /* GLUT.framework */,
				038D2FE127D9EE49003FDF8F /* libglfw.3.3.dylib */,
				038D2FDF27D9EDCB003FDF8F /* OpenGL.framework */,
			);
			name = Frameworks;
			sourceTree = "<group>";
		};
/* End PBXGroup section */

/* Begin PBXNativeTarget section */
		038D2FD327D9EC31003FDF8F /* HelloOpengl */ = {
			isa = PBXNativeTarget;
			buildConfigurationList = 038D2FDB27D9EC32003FDF8F /* Build configuration list for PBXNativeTarget "HelloOpengl" */;
			buildPhases = (
				038D2FD027D9EC31003FDF8F /* Sources */,
				038D2FD127D9EC31003FDF8F /* Frameworks */,
				038D2FD227D9EC31003FDF8F /* CopyFiles */,
			);
			buildRules = (
			);
			dependencies = (
			);
			name = HelloOpengl;
			productName = HelloOpengl;
			productReference = 038D2FD427D9EC31003FDF8F /* HelloOpengl */;
			productType = "com.apple.product-type.tool";
		};
/* End PBXNativeTarget section */

/* Begin PBXProject section */
		038D2FCC27D9EC31003FDF8F /* Project object */ = {
			isa = PBXProject;
			attributes = {
				BuildIndependentTargetsInParallel = 1;
				LastUpgradeCheck = 1320;
				TargetAttributes = {
					038D2FD327D9EC31003FDF8F = {
						CreatedOnToolsVersion = 13.2.1;
					};
				};
			};
			buildConfigurationList = 038D2FCF27D9EC31003FDF8F /* Build configuration list for PBXProject "HelloOpengl" */;
			compatibilityVersion = "Xcode 13.0";
			developmentRegion = en;
			hasScannedForEncodings = 0;
			knownRegions = (
				en,
				Base,
			);
			mainGroup = 038D2FCB27D9EC31003FDF8F;
			productRefGroup = 038D2FD527D9EC31003FDF8F /* Products */;
			projectDirPath = "";
			projectRoot = "";
			targets = (
				038D2FD327D9EC31003FDF8F /* HelloOpengl */,
			);
		};
/* End PBXProject section */

/* Begin PBXSourcesBuildPhase section */
		038D2FD027D9EC31003FDF8F /* Sources */ = {
			isa = PBXSourcesBuildPhase;
			buildActionMask = 2147483647;
			files = (
				038D2FD827D9EC31003FDF8F /* main.cpp in Sources */,
			);
			runOnlyForDeploymentPostprocessing = 0;
		};
/* End PBXSourcesBuildPhase section */

/* Begin XCBuildConfiguration section */
		038D2FD927D9EC31003FDF8F /* Debug */ = {
			isa = XCBuildConfiguration;
			buildSettings = {
				ALWAYS_SEARCH_USER_PATHS = NO;
				CLANG_ANALYZER_NONNULL = YES;
				CLANG_ANALYZER_NUMBER_OBJECT_CONVERSION = YES_AGGRESSIVE;
				CLANG_CXX_LANGUAGE_STANDARD = "gnu++17";
				CLANG_CXX_LIBRARY = "libc++";
				CLANG_ENABLE_MODULES = YES;
				CLANG_ENABLE_OBJC_ARC = YES;
				CLANG_ENABLE_OBJC_WEAK = YES;
				CLANG_WARN_BLOCK_CAPTURE_AUTORELEASING = YES;
				CLANG_WARN_BOOL_CONVERSION = YES;
				CLANG_WARN_COMMA = YES;
				CLANG_WARN_CONSTANT_CONVERSION = YES;
				CLANG_WARN_DEPRECATED_OBJC_IMPLEMENTATIONS = YES;
				CLANG_WARN_DIRECT_OBJC_ISA_USAGE = YES_ERROR;
				CLANG_WARN_DOCUMENTATION_COMMENTS = YES;
				CLANG_WARN_EMPTY_BODY = YES;
				CLANG_WARN_ENUM_CONVERSION = YES;
				CLANG_WARN_INFINITE_RECURSION = YES;
				CLANG_WARN_INT_CONVERSION = YES;
				CLANG_WARN_NON_LITERAL_NULL_CONVERSION = YES;
				CLANG_WARN_OBJC_IMPLICIT_RETAIN_SELF = YES;
				CLANG_WARN_OBJC_LITERAL_CONVERSION = YES;
				CLANG_WARN_OBJC_ROOT_CLASS = YES_ERROR;
				CLANG_WARN_QUOTED_INCLUDE_IN_FRAMEWORK_HEADER = YES;
				CLANG_WARN_RANGE_LOOP_ANALYSIS = YES;
				CLANG_WARN_STRICT_PROTOTYPES = YES;
				CLANG_WARN_SUSPICIOUS_MOVE = YES;
				CLANG_WARN_UNGUARDED_AVAILABILITY = YES_AGGRESSIVE;
				CLANG_WARN_UNREACHABLE_CODE = YES;
				CLANG_WARN__DUPLICATE_METHOD_MATCH = YES;
				COPY_PHASE_STRIP = NO;
				DEBUG_INFORMATION_FORMAT = dwarf;
				ENABLE_STRICT_OBJC_MSGSEND = YES;
				ENABLE_TESTABILITY = YES;
				GCC_C_LANGUAGE_STANDARD = gnu11;
				GCC_DYNAMIC_NO_PIC = NO;
				GCC_NO_COMMON_BLOCKS = YES;
				GCC_OPTIMIZATION_LEVEL = 0;
				GCC_PREPROCESSOR_DEFINITIONS = (
					"DEBUG=1",
					"$(inherited)",
				);
				GCC_WARN_64_TO_32_BIT_CONVERSION = YES;
				GCC_WARN_ABOUT_RETURN_TYPE = YES_ERROR;
				GCC_WARN_UNDECLARED_SELECTOR = YES;
				GCC_WARN_UNINITIALIZED_AUTOS = YES_AGGRESSIVE;
				GCC_WARN_UNUSED_FUNCTION = YES;
				GCC_WARN_UNUSED_VARIABLE = YES;
				MACOSX_DEPLOYMENT_TARGET = 12.0;
				MTL_ENABLE_DEBUG_INFO = INCLUDE_SOURCE;
				MTL_FAST_MATH = YES;
				ONLY_ACTIVE_ARCH = YES;
				SDKROOT = macosx;
			};
			name = Debug;
		};
		038D2FDA27D9EC31003FDF8F /* Release */ = {
			isa = XCBuildConfiguration;
			buildSettings = {
				ALWAYS_SEARCH_USER_PATHS = NO;
				CLANG_ANALYZER_NONNULL = YES;
				CLANG_ANALYZER_NUMBER_OBJECT_CONVERSION = YES_AGGRESSIVE;
				CLANG_CXX_LANGUAGE_STANDARD = "gnu++17";
				CLANG_CXX_LIBRARY = "libc++";
				CLANG_ENABLE_MODULES = YES;
				CLANG_ENABLE_OBJC_ARC = YES;
				CLANG_ENABLE_OBJC_WEAK = YES;
				CLANG_WARN_BLOCK_CAPTURE_AUTORELEASING = YES;
				CLANG_WARN_BOOL_CONVERSION = YES;
				CLANG_WARN_COMMA = YES;
				CLANG_WARN_CONSTANT_CONVERSION = YES;
				CLANG_WARN_DEPRECATED_OBJC_IMPLEMENTATIONS = YES;
				CLANG_WARN_DIRECT_OBJC_ISA_USAGE = YES_ERROR;
				CLANG_WARN_DOCUMENTATION_COMMENTS = YES;
				CLANG_WARN_EMPTY_BODY = YES;
				CLANG_WARN_ENUM_CONVERSION = YES;
				CLANG_WARN_INFINITE_RECURSION = YES;
				CLANG_WARN_INT_CONVERSION = YES;
				CLANG_WARN_NON_LITERAL_NULL_CONVERSION = YES;
				CLANG_WARN_OBJC_IMPLICIT_RETAIN_SELF = YES;
				CLANG_WARN_OBJC_LITERAL_CONVERSION = YES;
				CLANG_WARN_OBJC_ROOT_CLASS = YES_ERROR;
				CLANG_WARN_QUOTED_INCLUDE_IN_FRAMEWORK_HEADER = YES;
				CLANG_WARN_RANGE_LOOP_ANALYSIS = YES;
				CLANG_WARN_STRICT_PROTOTYPES = YES;
				CLANG_WARN_SUSPICIOUS_MOVE = YES;
				CLANG_WARN_UNGUARDED_AVAILABILITY = YES_AGGRESSIVE;
				CLANG_WARN_UNREACHABLE_CODE = YES;
				CLANG_WARN__DUPLICATE_METHOD_MATCH = YES;
				COPY_PHASE_STRIP = NO;
				DEBUG_INFORMATION_FORMAT = "dwarf-with-dsym";
				ENABLE_NS_ASSERTIONS = NO;
				ENABLE_STRICT_OBJC_MSGSEND = YES;
				GCC_C_LANGUAGE_STANDARD = gnu11;
				GCC_NO_COMMON_BLOCKS = YES;
				GCC_WARN_64_TO_32_BIT_CONVERSION = YES;
				GCC_WARN_ABOUT_RETURN_TYPE = YES_ERROR;
				GCC_WARN_UNDECLARED_SELECTOR = YES;
				GCC_WARN_UNINITIALIZED_AUTOS = YES_AGGRESSIVE;
				GCC_WARN_UNUSED_FUNCTION = YES;
				GCC_WARN_UNUSED_VARIABLE = YES;
				MACOSX_DEPLOYMENT_TARGET = 12.0;
				MTL_ENABLE_DEBUG_INFO = NO;
				MTL_FAST_MATH = YES;
				SDKROOT = macosx;
			};
			name = Release;
		};
		038D2FDC27D9EC32003FDF8F /* Debug */ = {
			isa = XCBuildConfiguration;
			buildSettings = {
				CODE_SIGN_IDENTITY = "";
				CODE_SIGN_STYLE = Automatic;
				GCC_WARN_ABOUT_DEPRECATED_FUNCTIONS = NO;
				HEADER_SEARCH_PATHS = /opt/homebrew/Cellar/glfw/3.3.6/include;
				LIBRARY_SEARCH_PATHS = (
					"$(inherited)",
					/opt/homebrew/Cellar/glfw/3.3.6/lib,
				);
				MTL_ENABLE_DEBUG_INFO = GL_SILENCE_DEPRECATION;
				PRODUCT_NAME = "$(TARGET_NAME)";
			};
			name = Debug;
		};
		038D2FDD27D9EC32003FDF8F /* Release */ = {
			isa = XCBuildConfiguration;
			buildSettings = {
				CODE_SIGN_IDENTITY = "";
				CODE_SIGN_STYLE = Automatic;
				GCC_WARN_ABOUT_DEPRECATED_FUNCTIONS = NO;
				HEADER_SEARCH_PATHS = /opt/homebrew/Cellar/glfw/3.3.6/include;
				LIBRARY_SEARCH_PATHS = (
					"$(inherited)",
					/opt/homebrew/Cellar/glfw/3.3.6/lib,
				);
				MTL_ENABLE_DEBUG_INFO = GL_SILENCE_DEPRECATION;
				PRODUCT_NAME = "$(TARGET_NAME)";
			};
			name = Release;
		};
/* End XCBuildConfiguration section */

/* Begin XCConfigurationList section */
		038D2FCF27D9EC31003FDF8F /* Build configuration list for PBXProject "HelloOpengl" */ = {
			isa = XCConfigurationList;
			buildConfigurations = (
				038D2FD927D9EC31003FDF8F /* Debug */,
				038D2FDA27D9EC31003FDF8F /* Release */,
			);
			defaultConfigurationIsVisible = 0;
			defaultConfigurationName = Release;
		};
		038D2FDB27D9EC32003FDF8F /* Build configuration list for PBXNativeTarget "HelloOpengl" */ = {
			isa = XCConfigurationList;
			buildConfigurations = (
				038D2FDC27D9EC32003FDF8F /* Debug */,
				038D2FDD27D9EC32003FDF8F /* Release */,
			);
			defaultConfigurationIsVisible = 0;
			defaultConfigurationName = Release;
		};
/* End XCConfigurationList section */
	};
	rootObject = 038D2FCC27D9EC31003FDF8F /* Project object */;
}
